
Microsoft Visual Studio Solution File, Format Version 12.00
# Visual Studio Version 17
VisualStudioVersion = 17.3.32929.385
MinimumVisualStudioVersion = 10.0.40219.1
Project("{FAE04EC0-301F-11D3-BF4B-00C04F79EFBC}") = "Exe1", "Exe1\Exe1.csproj", "{61C0751D-EE06-494C-B2F0-D988CB2D9F00}"
EndProject
Global
	GlobalSection(SolutionConfigurationPlatforms) = preSolution
		Debug|Any CPU = Debug|Any CPU
		Release|Any CPU = Release|Any CPU
	EndGlobalSection
	GlobalSection(ProjectConfigurationPlatforms) = postSolution
		{61C0751D-EE06-494C-B2F0-D988CB2D9F00}.Debug|Any CPU.ActiveCfg = Debug|Any CPU
		{61C0751D-EE06-494C-B2F0-D988CB2D9F00}.Debug|Any CPU.Build.0 = Debug|Any CPU
		{61C0751D-EE06-494C-B2F0-D988CB2D9F00}.Release|Any CPU.ActiveCfg = Release|Any CPU
		{61C0751D-EE06-494C-B2F0-D988CB2D9F00}.Release|Any CPU.Build.0 = Release|Any CPU
	EndGlobalSection
	GlobalSection(SolutionProperties) = preSolution
		HideSolutionNode = FALSE
	EndGlobalSection
	GlobalSection(ExtensibilityGlobals) = postSolution
		SolutionGuid = {C0875BB9-149C-4973-994E-96F81CC29744}
	EndGlobalSection
EndGlobal
